
Microsoft Visual Studio Solution File, Format Version 12.00
# Visual Studio 15
VisualStudioVersion = 15.0.28307.168
MinimumVisualStudioVersion = 10.0.40219.1
Project("{FAE04EC0-301F-11D3-BF4B-00C04F79EFBC}") = "HexapodControl", "HexapodControl\HexapodControl.csproj", "{86E5BFE1-23EA-43E3-87B3-1B144B292D4C}"
EndProject
Global
	GlobalSection(SolutionConfigurationPlatforms) = preSolution
		Debug|Any CPU = Debug|Any CPU
		Release|Any CPU = Release|Any CPU
	EndGlobalSection
	GlobalSection(ProjectConfigurationPlatforms) = postSolution
		{86E5BFE1-23EA-43E3-87B3-1B144B292D4C}.Debug|Any CPU.ActiveCfg = Debug|Any CPU
		{86E5BFE1-23EA-43E3-87B3-1B144B292D4C}.Debug|Any CPU.Build.0 = Debug|Any CPU
		{86E5BFE1-23EA-43E3-87B3-1B144B292D4C}.Release|Any CPU.ActiveCfg = Release|Any CPU
		{86E5BFE1-23EA-43E3-87B3-1B144B292D4C}.Release|Any CPU.Build.0 = Release|Any CPU
	EndGlobalSection
	GlobalSection(SolutionProperties) = preSolution
		HideSolutionNode = FALSE
	EndGlobalSection
	GlobalSection(ExtensibilityGlobals) = postSolution
		SolutionGuid = {66DE99E5-CBE9-4E34-B4E5-966EBE643B11}
	EndGlobalSection
EndGlobal
